
Microsoft Visual Studio Solution File, Format Version 12.00
# Visual Studio Version 16
VisualStudioVersion = 16.0.30804.86
MinimumVisualStudioVersion = 10.0.40219.1
Project("{FAE04EC0-301F-11D3-BF4B-00C04F79EFBC}") = "ten", "ten\ten.csproj", "{7B24F4EE-2A0C-4135-81A1-1135403C94F4}"
EndProject
Global
	GlobalSection(SolutionConfigurationPlatforms) = preSolution
		Debug|Any CPU = Debug|Any CPU
		Release|Any CPU = Release|Any CPU
	EndGlobalSection
	GlobalSection(ProjectConfigurationPlatforms) = postSolution
		{7B24F4EE-2A0C-4135-81A1-1135403C94F4}.Debug|Any CPU.ActiveCfg = Debug|Any CPU
		{7B24F4EE-2A0C-4135-81A1-1135403C94F4}.Debug|Any CPU.Build.0 = Debug|Any CPU
		{7B24F4EE-2A0C-4135-81A1-1135403C94F4}.Release|Any CPU.ActiveCfg = Release|Any CPU
		{7B24F4EE-2A0C-4135-81A1-1135403C94F4}.Release|Any CPU.Build.0 = Release|Any CPU
	EndGlobalSection
	GlobalSection(SolutionProperties) = preSolution
		HideSolutionNode = FALSE
	EndGlobalSection
	GlobalSection(ExtensibilityGlobals) = postSolution
		SolutionGuid = {73E87993-A854-48A6-B735-E54CB9B72185}
	EndGlobalSection
EndGlobal
